// !$*UTF8*$!
{
	archiveVersion = 1;
	classes = {
	};
	objectVersion = 46;
	objects = {

/* Begin PBXBuildFile section */
		6F2DE7AA19725D1D00E422FF /* Foundation.framework in Frameworks */ = {isa = PBXBuildFile; fileRef = 6F2DE7A919725D1D00E422FF /* Foundation.framework */; };
		6F2DE7AC19725D1D00E422FF /* CoreGraphics.framework in Frameworks */ = {isa = PBXBuildFile; fileRef = 6F2DE7AB19725D1D00E422FF /* CoreGraphics.framework */; };
		6F2DE7AE19725D1D00E422FF /* UIKit.framework in Frameworks */ = {isa = PBXBuildFile; fileRef = 6F2DE7AD19725D1D00E422FF /* UIKit.framework */; };
		6F2DE7B419725D1D00E422FF /* InfoPlist.strings in Resources */ = {isa = PBXBuildFile; fileRef = 6F2DE7B219725D1D00E422FF /* InfoPlist.strings */; };
		6F2DE7B619725D1D00E422FF /* main.m in Sources */ = {isa = PBXBuildFile; fileRef = 6F2DE7B519725D1D00E422FF /* main.m */; };
		6F2DE7BA19725D1D00E422FF /* AppDelegate.m in Sources */ = {isa = PBXBuildFile; fileRef = 6F2DE7B919725D1D00E422FF /* AppDelegate.m */; };
		6F2DE7BC19725D1D00E422FF /* Images.xcassets in Resources */ = {isa = PBXBuildFile; fileRef = 6F2DE7BB19725D1D00E422FF /* Images.xcassets */; };
		6F2DE7C319725D1D00E422FF /* XCTest.framework in Frameworks */ = {isa = PBXBuildFile; fileRef = 6F2DE7C219725D1D00E422FF /* XCTest.framework */; };
		6F2DE7C419725D1D00E422FF /* Foundation.framework in Frameworks */ = {isa = PBXBuildFile; fileRef = 6F2DE7A919725D1D00E422FF /* Foundation.framework */; };
		6F2DE7C519725D1D00E422FF /* UIKit.framework in Frameworks */ = {isa = PBXBuildFile; fileRef = 6F2DE7AD19725D1D00E422FF /* UIKit.framework */; };
		6F2DE7CD19725D1D00E422FF /* InfoPlist.strings in Resources */ = {isa = PBXBuildFile; fileRef = 6F2DE7CB19725D1D00E422FF /* InfoPlist.strings */; };
		6F2DE7CF19725D1D00E422FF /* CustomCell_FirstTests.m in Sources */ = {isa = PBXBuildFile; fileRef = 6F2DE7CE19725D1D00E422FF /* CustomCell_FirstTests.m */; };
		6F2DE7DB19725D3700E422FF /* ViewController.m in Sources */ = {isa = PBXBuildFile; fileRef = 6F2DE7D919725D3700E422FF /* ViewController.m */; };
		6F2DE7DC19725D3700E422FF /* ViewController.xib in Resources */ = {isa = PBXBuildFile; fileRef = 6F2DE7DA19725D3700E422FF /* ViewController.xib */; };
		6F2DE7F61972691C00E422FF /* HelloCustomCell.m in Sources */ = {isa = PBXBuildFile; fileRef = 6F2DE7F41972691C00E422FF /* HelloCustomCell.m */; };
		6F2DE7F71972691C00E422FF /* HelloCustomCell.xib in Resources */ = {isa = PBXBuildFile; fileRef = 6F2DE7F51972691C00E422FF /* HelloCustomCell.xib */; };
		6F2DE7FE1972749100E422FF /* Amazon.png in Resources */ = {isa = PBXBuildFile; fileRef = 6F2DE7F91972749100E422FF /* Amazon.png */; };
		6F2DE8001972749100E422FF /* Facebook.png in Resources */ = {isa = PBXBuildFile; fileRef = 6F2DE7FB1972749100E422FF /* Facebook.png */; };
		6F2DE8011972749100E422FF /* google.png in Resources */ = {isa = PBXBuildFile; fileRef = 6F2DE7FC1972749100E422FF /* google.png */; };
		6F2DE8021972749100E422FF /* Linkedin.png in Resources */ = {isa = PBXBuildFile; fileRef = 6F2DE7FD1972749100E422FF /* Linkedin.png */; };
		6F2DE804197274AE00E422FF /* Apple.png in Resources */ = {isa = PBXBuildFile; fileRef = 6F2DE803197274AE00E422FF /* Apple.png */; };
/* End PBXBuildFile section */

/* Begin PBXContainerItemProxy section */
		6F2DE7C619725D1D00E422FF /* PBXContainerItemProxy */ = {
			isa = PBXContainerItemProxy;
			containerPortal = 6F2DE79E19725D1D00E422FF /* Project object */;
			proxyType = 1;
			remoteGlobalIDString = 6F2DE7A519725D1D00E422FF;
			remoteInfo = CustomCell_First;
		};
/* End PBXContainerItemProxy section */

/* Begin PBXFileReference section */
		6F2DE7A619725D1D00E422FF /* CustomCell_First.app */ = {isa = PBXFileReference; explicitFileType = wrapper.application; includeInIndex = 0; path = CustomCell_First.app; sourceTree = BUILT_PRODUCTS_DIR; };
		6F2DE7A919725D1D00E422FF /* Foundation.framework */ = {isa = PBXFileReference; lastKnownFileType = wrapper.framework; name = Foundation.framework; path = System/Library/Frameworks/Foundation.framework; sourceTree = SDKROOT; };
		6F2DE7AB19725D1D00E422FF /* CoreGraphics.framework */ = {isa = PBXFileReference; lastKnownFileType = wrapper.framework; name = CoreGraphics.framework; path = System/Library/Frameworks/CoreGraphics.framework; sourceTree = SDKROOT; };
		6F2DE7AD19725D1D00E422FF /* UIKit.framework */ = {isa = PBXFileReference; lastKnownFileType = wrapper.framework; name = UIKit.framework; path = System/Library/Frameworks/UIKit.framework; sourceTree = SDKROOT; };
		6F2DE7B119725D1D00E422FF /* CustomCell_First-Info.plist */ = {isa = PBXFileReference; lastKnownFileType = text.plist.xml; path = "CustomCell_First-Info.plist"; sourceTree = "<group>"; };
		6F2DE7B319725D1D00E422FF /* en */ = {isa = PBXFileReference; lastKnownFileType = text.plist.strings; name = en; path = en.lproj/InfoPlist.strings; sourceTree = "<group>"; };
		6F2DE7B519725D1D00E422FF /* main.m */ = {isa = PBXFileReference; lastKnownFileType = sourcecode.c.objc; path = main.m; sourceTree = "<group>"; };
		6F2DE7B719725D1D00E422FF /* CustomCell_First-Prefix.pch */ = {isa = PBXFileReference; lastKnownFileType = sourcecode.c.h; path = "CustomCell_First-Prefix.pch"; sourceTree = "<group>"; };
		6F2DE7B819725D1D00E422FF /* AppDelegate.h */ = {isa = PBXFileReference; lastKnownFileType = sourcecode.c.h; path = AppDelegate.h; sourceTree = "<group>"; };
		6F2DE7B919725D1D00E422FF /* AppDelegate.m */ = {isa = PBXFileReference; lastKnownFileType = sourcecode.c.objc; path = AppDelegate.m; sourceTree = "<group>"; };
		6F2DE7BB19725D1D00E422FF /* Images.xcassets */ = {isa = PBXFileReference; lastKnownFileType = folder.assetcatalog; path = Images.xcassets; sourceTree = "<group>"; };
		6F2DE7C119725D1D00E422FF /* CustomCell_FirstTests.xctest */ = {isa = PBXFileReference; explicitFileType = wrapper.cfbundle; includeInIndex = 0; path = CustomCell_FirstTests.xctest; sourceTree = BUILT_PRODUCTS_DIR; };
		6F2DE7C219725D1D00E422FF /* XCTest.framework */ = {isa = PBXFileReference; lastKnownFileType = wrapper.framework; name = XCTest.framework; path = Library/Frameworks/XCTest.framework; sourceTree = DEVELOPER_DIR; };
		6F2DE7CA19725D1D00E422FF /* CustomCell_FirstTests-Info.plist */ = {isa = PBXFileReference; lastKnownFileType = text.plist.xml; path = "CustomCell_FirstTests-Info.plist"; sourceTree = "<group>"; };
		6F2DE7CC19725D1D00E422FF /* en */ = {isa = PBXFileReference; lastKnownFileType = text.plist.strings; name = en; path = en.lproj/InfoPlist.strings; sourceTree = "<group>"; };
		6F2DE7CE19725D1D00E422FF /* CustomCell_FirstTests.m */ = {isa = PBXFileReference; lastKnownFileType = sourcecode.c.objc; path = CustomCell_FirstTests.m; sourceTree = "<group>"; };
		6F2DE7D819725D3700E422FF /* ViewController.h */ = {isa = PBXFileReference; fileEncoding = 4; lastKnownFileType = sourcecode.c.h; path = ViewController.h; sourceTree = "<group>"; };
		6F2DE7D919725D3700E422FF /* ViewController.m */ = {isa = PBXFileReference; fileEncoding = 4; lastKnownFileType = sourcecode.c.objc; path = ViewController.m; sourceTree = "<group>"; };
		6F2DE7DA19725D3700E422FF /* ViewController.xib */ = {isa = PBXFileReference; fileEncoding = 4; lastKnownFileType = file.xib; path = ViewController.xib; sourceTree = "<group>"; };
		6F2DE7F31972691C00E422FF /* HelloCustomCell.h */ = {isa = PBXFileReference; fileEncoding = 4; lastKnownFileType = sourcecode.c.h; path = HelloCustomCell.h; sourceTree = "<group>"; };
		6F2DE7F41972691C00E422FF /* HelloCustomCell.m */ = {isa = PBXFileReference; fileEncoding = 4; lastKnownFileType = sourcecode.c.objc; path = HelloCustomCell.m; sourceTree = "<group>"; };
		6F2DE7F51972691C00E422FF /* HelloCustomCell.xib */ = {isa = PBXFileReference; fileEncoding = 4; lastKnownFileType = file.xib; path = HelloCustomCell.xib; sourceTree = "<group>"; };
		6F2DE7F91972749100E422FF /* Amazon.png */ = {isa = PBXFileReference; lastKnownFileType = image.png; path = Amazon.png; sourceTree = "<group>"; };
		6F2DE7FB1972749100E422FF /* Facebook.png */ = {isa = PBXFileReference; lastKnownFileType = image.png; path = Facebook.png; sourceTree = "<group>"; };
		6F2DE7FC1972749100E422FF /* google.png */ = {isa = PBXFileReference; lastKnownFileType = image.png; path = google.png; sourceTree = "<group>"; };
		6F2DE7FD1972749100E422FF /* Linkedin.png */ = {isa = PBXFileReference; lastKnownFileType = image.png; path = Linkedin.png; sourceTree = "<group>"; };
		6F2DE803197274AE00E422FF /* Apple.png */ = {isa = PBXFileReference; lastKnownFileType = image.png; path = Apple.png; sourceTree = "<group>"; };
/* End PBXFileReference section */

/* Begin PBXFrameworksBuildPhase section */
		6F2DE7A319725D1D00E422FF /* Frameworks */ = {
			isa = PBXFrameworksBuildPhase;
			buildActionMask = 2147483647;
			files = (
				6F2DE7AC19725D1D00E422FF /* CoreGraphics.framework in Frameworks */,
				6F2DE7AE19725D1D00E422FF /* UIKit.framework in Frameworks */,
				6F2DE7AA19725D1D00E422FF /* Foundation.framework in Frameworks */,
			);
			runOnlyForDeploymentPostprocessing = 0;
		};
		6F2DE7BE19725D1D00E422FF /* Frameworks */ = {
			isa = PBXFrameworksBuildPhase;
			buildActionMask = 2147483647;
			files = (
				6F2DE7C319725D1D00E422FF /* XCTest.framework in Frameworks */,
				6F2DE7C519725D1D00E422FF /* UIKit.framework in Frameworks */,
				6F2DE7C419725D1D00E422FF /* Foundation.framework in Frameworks */,
			);
			runOnlyForDeploymentPostprocessing = 0;
		};
/* End PBXFrameworksBuildPhase section */

/* Begin PBXGroup section */
		6F2DE79D19725D1D00E422FF = {
			isa = PBXGroup;
			children = (
				6F2DE7AF19725D1D00E422FF /* CustomCell_First */,
				6F2DE7C819725D1D00E422FF /* CustomCell_FirstTests */,
				6F2DE7A819725D1D00E422FF /* Frameworks */,
				6F2DE7A719725D1D00E422FF /* Products */,
			);
			sourceTree = "<group>";
		};
		6F2DE7A719725D1D00E422FF /* Products */ = {
			isa = PBXGroup;
			children = (
				6F2DE7A619725D1D00E422FF /* CustomCell_First.app */,
				6F2DE7C119725D1D00E422FF /* CustomCell_FirstTests.xctest */,
			);
			name = Products;
			sourceTree = "<group>";
		};
		6F2DE7A819725D1D00E422FF /* Frameworks */ = {
			isa = PBXGroup;
			children = (
				6F2DE7A919725D1D00E422FF /* Foundation.framework */,
				6F2DE7AB19725D1D00E422FF /* CoreGraphics.framework */,
				6F2DE7AD19725D1D00E422FF /* UIKit.framework */,
				6F2DE7C219725D1D00E422FF /* XCTest.framework */,
			);
			name = Frameworks;
			sourceTree = "<group>";
		};
		6F2DE7AF19725D1D00E422FF /* CustomCell_First */ = {
			isa = PBXGroup;
			children = (
				6F2DE7F81972747800E422FF /* Image */,
				6F2DE7B819725D1D00E422FF /* AppDelegate.h */,
				6F2DE7B919725D1D00E422FF /* AppDelegate.m */,
				6F2DE7D819725D3700E422FF /* ViewController.h */,
				6F2DE7D919725D3700E422FF /* ViewController.m */,
				6F2DE7F31972691C00E422FF /* HelloCustomCell.h */,
				6F2DE7F41972691C00E422FF /* HelloCustomCell.m */,
				6F2DE7F51972691C00E422FF /* HelloCustomCell.xib */,
				6F2DE7DA19725D3700E422FF /* ViewController.xib */,
				6F2DE7BB19725D1D00E422FF /* Images.xcassets */,
				6F2DE7B019725D1D00E422FF /* Supporting Files */,
			);
			path = CustomCell_First;
			sourceTree = "<group>";
		};
		6F2DE7B019725D1D00E422FF /* Supporting Files */ = {
			isa = PBXGroup;
			children = (
				6F2DE7B119725D1D00E422FF /* CustomCell_First-Info.plist */,
				6F2DE7B219725D1D00E422FF /* InfoPlist.strings */,
				6F2DE7B519725D1D00E422FF /* main.m */,
				6F2DE7B719725D1D00E422FF /* CustomCell_First-Prefix.pch */,
			);
			name = "Supporting Files";
			sourceTree = "<group>";
		};
		6F2DE7C819725D1D00E422FF /* CustomCell_FirstTests */ = {
			isa = PBXGroup;
			children = (
				6F2DE7CE19725D1D00E422FF /* CustomCell_FirstTests.m */,
				6F2DE7C919725D1D00E422FF /* Supporting Files */,
			);
			path = CustomCell_FirstTests;
			sourceTree = "<group>";
		};
		6F2DE7C919725D1D00E422FF /* Supporting Files */ = {
			isa = PBXGroup;
			children = (
				6F2DE7CA19725D1D00E422FF /* CustomCell_FirstTests-Info.plist */,
				6F2DE7CB19725D1D00E422FF /* InfoPlist.strings */,
			);
			name = "Supporting Files";
			sourceTree = "<group>";
		};
		6F2DE7F81972747800E422FF /* Image */ = {
			isa = PBXGroup;
			children = (
				6F2DE803197274AE00E422FF /* Apple.png */,
				6F2DE7F91972749100E422FF /* Amazon.png */,
				6F2DE7FB1972749100E422FF /* Facebook.png */,
				6F2DE7FC1972749100E422FF /* google.png */,
				6F2DE7FD1972749100E422FF /* Linkedin.png */,
			);
			name = Image;
			sourceTree = "<group>";
		};
/* End PBXGroup section */

/* Begin PBXNativeTarget section */
		6F2DE7A519725D1D00E422FF /* CustomCell_First */ = {
			isa = PBXNativeTarget;
			buildConfigurationList = 6F2DE7D219725D1D00E422FF /* Build configuration list for PBXNativeTarget "CustomCell_First" */;
			buildPhases = (
				6F2DE7A219725D1D00E422FF /* Sources */,
				6F2DE7A319725D1D00E422FF /* Frameworks */,
				6F2DE7A419725D1D00E422FF /* Resources */,
			);
			buildRules = (
			);
			dependencies = (
			);
			name = CustomCell_First;
			productName = CustomCell_First;
			productReference = 6F2DE7A619725D1D00E422FF /* CustomCell_First.app */;
			productType = "com.apple.product-type.application";
		};
		6F2DE7C019725D1D00E422FF /* CustomCell_FirstTests */ = {
			isa = PBXNativeTarget;
			buildConfigurationList = 6F2DE7D519725D1D00E422FF /* Build configuration list for PBXNativeTarget "CustomCell_FirstTests" */;
			buildPhases = (
				6F2DE7BD19725D1D00E422FF /* Sources */,
				6F2DE7BE19725D1D00E422FF /* Frameworks */,
				6F2DE7BF19725D1D00E422FF /* Resources */,
			);
			buildRules = (
			);
			dependencies = (
				6F2DE7C719725D1D00E422FF /* PBXTargetDependency */,
			);
			name = CustomCell_FirstTests;
			productName = CustomCell_FirstTests;
			productReference = 6F2DE7C119725D1D00E422FF /* CustomCell_FirstTests.xctest */;
			productType = "com.apple.product-type.bundle.unit-test";
		};
/* End PBXNativeTarget section */

/* Begin PBXProject section */
		6F2DE79E19725D1D00E422FF /* Project object */ = {
			isa = PBXProject;
			attributes = {
				LastUpgradeCheck = 0510;
				ORGANIZATIONNAME = Harris;
				TargetAttributes = {
					6F2DE7C019725D1D00E422FF = {
						TestTargetID = 6F2DE7A519725D1D00E422FF;
					};
				};
			};
			buildConfigurationList = 6F2DE7A119725D1D00E422FF /* Build configuration list for PBXProject "CustomCell_First" */;
			compatibilityVersion = "Xcode 3.2";
			developmentRegion = English;
			hasScannedForEncodings = 0;
			knownRegions = (
				en,
			);
			mainGroup = 6F2DE79D19725D1D00E422FF;
			productRefGroup = 6F2DE7A719725D1D00E422FF /* Products */;
			projectDirPath = "";
			projectRoot = "";
			targets = (
				6F2DE7A519725D1D00E422FF /* CustomCell_First */,
				6F2DE7C019725D1D00E422FF /* CustomCell_FirstTests */,
			);
		};
/* End PBXProject section */

/* Begin PBXResourcesBuildPhase section */
		6F2DE7A419725D1D00E422FF /* Resources */ = {
			isa = PBXResourcesBuildPhase;
			buildActionMask = 2147483647;
			files = (
				6F2DE804197274AE00E422FF /* Apple.png in Resources */,
				6F2DE7B419725D1D00E422FF /* InfoPlist.strings in Resources */,
				6F2DE7DC19725D3700E422FF /* ViewController.xib in Resources */,
				6F2DE8021972749100E422FF /* Linkedin.png in Resources */,
				6F2DE8011972749100E422FF /* google.png in Resources */,
				6F2DE8001972749100E422FF /* Facebook.png in Resources */,
				6F2DE7FE1972749100E422FF /* Amazon.png in Resources */,
				6F2DE7BC19725D1D00E422FF /* Images.xcassets in Resources */,
				6F2DE7F71972691C00E422FF /* HelloCustomCell.xib in Resources */,
			);
			runOnlyForDeploymentPostprocessing = 0;
		};
		6F2DE7BF19725D1D00E422FF /* Resources */ = {
			isa = PBXResourcesBuildPhase;
			buildActionMask = 2147483647;
			files = (
				6F2DE7CD19725D1D00E422FF /* InfoPlist.strings in Resources */,
			);
			runOnlyForDeploymentPostprocessing = 0;
		};
/* End PBXResourcesBuildPhase section */

/* Begin PBXSourcesBuildPhase section */
		6F2DE7A219725D1D00E422FF /* Sources */ = {
			isa = PBXSourcesBuildPhase;
			buildActionMask = 2147483647;
			files = (
				6F2DE7DB19725D3700E422FF /* ViewController.m in Sources */,
				6F2DE7BA19725D1D00E422FF /* AppDelegate.m in Sources */,
				6F2DE7B619725D1D00E422FF /* main.m in Sources */,
				6F2DE7F61972691C00E422FF /* HelloCustomCell.m in Sources */,
			);
			runOnlyForDeploymentPostprocessing = 0;
		};
		6F2DE7BD19725D1D00E422FF /* Sources */ = {
			isa = PBXSourcesBuildPhase;
			buildActionMask = 2147483647;
			files = (
				6F2DE7CF19725D1D00E422FF /* CustomCell_FirstTests.m in Sources */,
			);
			runOnlyForDeploymentPostprocessing = 0;
		};
/* End PBXSourcesBuildPhase section */

/* Begin PBXTargetDependency section */
		6F2DE7C719725D1D00E422FF /* PBXTargetDependency */ = {
			isa = PBXTargetDependency;
			target = 6F2DE7A519725D1D00E422FF /* CustomCell_First */;
			targetProxy = 6F2DE7C619725D1D00E422FF /* PBXContainerItemProxy */;
		};
/* End PBXTargetDependency section */

/* Begin PBXVariantGroup section */
		6F2DE7B219725D1D00E422FF /* InfoPlist.strings */ = {
			isa = PBXVariantGroup;
			children = (
				6F2DE7B319725D1D00E422FF /* en */,
			);
			name = InfoPlist.strings;
			sourceTree = "<group>";
		};
		6F2DE7CB19725D1D00E422FF /* InfoPlist.strings */ = {
			isa = PBXVariantGroup;
			children = (
				6F2DE7CC19725D1D00E422FF /* en */,
			);
			name = InfoPlist.strings;
			sourceTree = "<group>";
		};
/* End PBXVariantGroup section */

/* Begin XCBuildConfiguration section */
		6F2DE7D019725D1D00E422FF /* Debug */ = {
			isa = XCBuildConfiguration;
			buildSettings = {
				ALWAYS_SEARCH_USER_PATHS = NO;
				CLANG_CXX_LANGUAGE_STANDARD = "gnu++0x";
				CLANG_CXX_LIBRARY = "libc++";
				CLANG_ENABLE_MODULES = YES;
				CLANG_ENABLE_OBJC_ARC = YES;
				CLANG_WARN_BOOL_CONVERSION = YES;
				CLANG_WARN_CONSTANT_CONVERSION = YES;
				CLANG_WARN_DIRECT_OBJC_ISA_USAGE = YES_ERROR;
				CLANG_WARN_EMPTY_BODY = YES;
				CLANG_WARN_ENUM_CONVERSION = YES;
				CLANG_WARN_INT_CONVERSION = YES;
				CLANG_WARN_OBJC_ROOT_CLASS = YES_ERROR;
				CLANG_WARN__DUPLICATE_METHOD_MATCH = YES;
				"CODE_SIGN_IDENTITY[sdk=iphoneos*]" = "iPhone Developer";
				COPY_PHASE_STRIP = NO;
				GCC_C_LANGUAGE_STANDARD = gnu99;
				GCC_DYNAMIC_NO_PIC = NO;
				GCC_OPTIMIZATION_LEVEL = 0;
				GCC_PREPROCESSOR_DEFINITIONS = (
					"DEBUG=1",
					"$(inherited)",
				);
				GCC_SYMBOLS_PRIVATE_EXTERN = NO;
				GCC_WARN_64_TO_32_BIT_CONVERSION = YES;
				GCC_WARN_ABOUT_RETURN_TYPE = YES_ERROR;
				GCC_WARN_UNDECLARED_SELECTOR = YES;
				GCC_WARN_UNINITIALIZED_AUTOS = YES_AGGRESSIVE;
				GCC_WARN_UNUSED_FUNCTION = YES;
				GCC_WARN_UNUSED_VARIABLE = YES;
				IPHONEOS_DEPLOYMENT_TARGET = 7.1;
				ONLY_ACTIVE_ARCH = YES;
				SDKROOT = iphoneos;
			};
			name = Debug;
		};
		6F2DE7D119725D1D00E422FF /* Release */ = {
			isa = XCBuildConfiguration;
			buildSettings = {
				ALWAYS_SEARCH_USER_PATHS = NO;
				CLANG_CXX_LANGUAGE_STANDARD = "gnu++0x";
				CLANG_CXX_LIBRARY = "libc++";
				CLANG_ENABLE_MODULES = YES;
				CLANG_ENABLE_OBJC_ARC = YES;
				CLANG_WARN_BOOL_CONVERSION = YES;
				CLANG_WARN_CONSTANT_CONVERSION = YES;
				CLANG_WARN_DIRECT_OBJC_ISA_USAGE = YES_ERROR;
				CLANG_WARN_EMPTY_BODY = YES;
				CLANG_WARN_ENUM_CONVERSION = YES;
				CLANG_WARN_INT_CONVERSION = YES;
				CLANG_WARN_OBJC_ROOT_CLASS = YES_ERROR;
				CLANG_WARN__DUPLICATE_METHOD_MATCH = YES;
				"CODE_SIGN_IDENTITY[sdk=iphoneos*]" = "iPhone Developer";
				COPY_PHASE_STRIP = YES;
				ENABLE_NS_ASSERTIONS = NO;
				GCC_C_LANGUAGE_STANDARD = gnu99;
				GCC_WARN_64_TO_32_BIT_CONVERSION = YES;
				GCC_WARN_ABOUT_RETURN_TYPE = YES_ERROR;
				GCC_WARN_UNDECLARED_SELECTOR = YES;
				GCC_WARN_UNINITIALIZED_AUTOS = YES_AGGRESSIVE;
				GCC_WARN_UNUSED_FUNCTION = YES;
				GCC_WARN_UNUSED_VARIABLE = YES;
				IPHONEOS_DEPLOYMENT_TARGET = 7.1;
				SDKROOT = iphoneos;
				VALIDATE_PRODUCT = YES;
			};
			name = Release;
		};
		6F2DE7D319725D1D00E422FF /* Debug */ = {
			isa = XCBuildConfiguration;
			buildSettings = {
				ASSETCATALOG_COMPILER_APPICON_NAME = AppIcon;
				ASSETCATALOG_COMPILER_LAUNCHIMAGE_NAME = LaunchImage;
				GCC_PRECOMPILE_PREFIX_HEADER = YES;
				GCC_PREFIX_HEADER = "CustomCell_First/CustomCell_First-Prefix.pch";
				INFOPLIST_FILE = "CustomCell_First/CustomCell_First-Info.plist";
				PRODUCT_NAME = "$(TARGET_NAME)";
				WRAPPER_EXTENSION = app;
			};
			name = Debug;
		};
		6F2DE7D419725D1D00E422FF /* Release */ = {
			isa = XCBuildConfiguration;
			buildSettings = {
				ASSETCATALOG_COMPILER_APPICON_NAME = AppIcon;
				ASSETCATALOG_COMPILER_LAUNCHIMAGE_NAME = LaunchImage;
				GCC_PRECOMPILE_PREFIX_HEADER = YES;
				GCC_PREFIX_HEADER = "CustomCell_First/CustomCell_First-Prefix.pch";
				INFOPLIST_FILE = "CustomCell_First/CustomCell_First-Info.plist";
				PRODUCT_NAME = "$(TARGET_NAME)";
				WRAPPER_EXTENSION = app;
			};
			name = Release;
		};
		6F2DE7D619725D1D00E422FF /* Debug */ = {
			isa = XCBuildConfiguration;
			buildSettings = {
				BUNDLE_LOADER = "$(BUILT_PRODUCTS_DIR)/CustomCell_First.app/CustomCell_First";
				FRAMEWORK_SEARCH_PATHS = (
					"$(SDKROOT)/Developer/Library/Frameworks",
					"$(inherited)",
					"$(DEVELOPER_FRAMEWORKS_DIR)",
				);
				GCC_PRECOMPILE_PREFIX_HEADER = YES;
				GCC_PREFIX_HEADER = "CustomCell_First/CustomCell_First-Prefix.pch";
				GCC_PREPROCESSOR_DEFINITIONS = (
					"DEBUG=1",
					"$(inherited)",
				);
				INFOPLIST_FILE = "CustomCell_FirstTests/CustomCell_FirstTests-Info.plist";
				PRODUCT_NAME = "$(TARGET_NAME)";
				TEST_HOST = "$(BUNDLE_LOADER)";
				WRAPPER_EXTENSION = xctest;
			};
			name = Debug;
		};
		6F2DE7D719725D1D00E422FF /* Release */ = {
			isa = XCBuildConfiguration;
			buildSettings = {
				BUNDLE_LOADER = "$(BUILT_PRODUCTS_DIR)/CustomCell_First.app/CustomCell_First";
				FRAMEWORK_SEARCH_PATHS = (
					"$(SDKROOT)/Developer/Library/Frameworks",
					"$(inherited)",
					"$(DEVELOPER_FRAMEWORKS_DIR)",
				);
				GCC_PRECOMPILE_PREFIX_HEADER = YES;
				GCC_PREFIX_HEADER = "CustomCell_First/CustomCell_First-Prefix.pch";
				INFOPLIST_FILE = "CustomCell_FirstTests/CustomCell_FirstTests-Info.plist";
				PRODUCT_NAME = "$(TARGET_NAME)";
				TEST_HOST = "$(BUNDLE_LOADER)";
				WRAPPER_EXTENSION = xctest;
			};
			name = Release;
		};
/* End XCBuildConfiguration section */

/* Begin XCConfigurationList section */
		6F2DE7A119725D1D00E422FF /* Build configuration list for PBXProject "CustomCell_First" */ = {
			isa = XCConfigurationList;
			buildConfigurations = (
				6F2DE7D019725D1D00E422FF /* Debug */,
				6F2DE7D119725D1D00E422FF /* Release */,
			);
			defaultConfigurationIsVisible = 0;
			defaultConfigurationName = Release;
		};
		6F2DE7D219725D1D00E422FF /* Build configuration list for PBXNativeTarget "CustomCell_First" */ = {
			isa = XCConfigurationList;
			buildConfigurations = (
				6F2DE7D319725D1D00E422FF /* Debug */,
				6F2DE7D419725D1D00E422FF /* Release */,
			);
			defaultConfigurationIsVisible = 0;
		};
		6F2DE7D519725D1D00E422FF /* Build configuration list for PBXNativeTarget "CustomCell_FirstTests" */ = {
			isa = XCConfigurationList;
			buildConfigurations = (
				6F2DE7D619725D1D00E422FF /* Debug */,
				6F2DE7D719725D1D00E422FF /* Release */,
			);
			defaultConfigurationIsVisible = 0;
		};
/* End XCConfigurationList section */
	};
	rootObject = 6F2DE79E19725D1D00E422FF /* Project object */;
}
